
Microsoft Visual Studio Solution File, Format Version 12.00
# Visual Studio 15
VisualStudioVersion = 15.0.27428.2037
MinimumVisualStudioVersion = 10.0.40219.1
Project("{FAE04EC0-301F-11D3-BF4B-00C04F79EFBC}") = "Renkler", "Renkler\Renkler.csproj", "{B314F152-8ED1-40C8-A3C3-2A44A1A135A0}"
EndProject
Global
	GlobalSection(SolutionConfigurationPlatforms) = preSolution
		Debug|Any CPU = Debug|Any CPU
		Release|Any CPU = Release|Any CPU
	EndGlobalSection
	GlobalSection(ProjectConfigurationPlatforms) = postSolution
		{B314F152-8ED1-40C8-A3C3-2A44A1A135A0}.Debug|Any CPU.ActiveCfg = Debug|Any CPU
		{B314F152-8ED1-40C8-A3C3-2A44A1A135A0}.Debug|Any CPU.Build.0 = Debug|Any CPU
		{B314F152-8ED1-40C8-A3C3-2A44A1A135A0}.Release|Any CPU.ActiveCfg = Release|Any CPU
		{B314F152-8ED1-40C8-A3C3-2A44A1A135A0}.Release|Any CPU.Build.0 = Release|Any CPU
	EndGlobalSection
	GlobalSection(SolutionProperties) = preSolution
		HideSolutionNode = FALSE
	EndGlobalSection
	GlobalSection(ExtensibilityGlobals) = postSolution
		SolutionGuid = {7A55DBB1-0BCD-44A5-A61E-8D104170AE40}
	EndGlobalSection
EndGlobal
